
Microsoft Visual Studio Solution File, Format Version 12.00
# Visual Studio Version 17
VisualStudioVersion = 17.1.32328.378
MinimumVisualStudioVersion = 10.0.40219.1
Project("{FAE04EC0-301F-11D3-BF4B-00C04F79EFBC}") = "MultipleUnknownEquationSolver_determinants", "MultipleUnknownEquationSolver_determinants\MultipleUnknownEquationSolver_determinants.csproj", "{AB9812F3-F632-4B31-9576-C69E06CC7075}"
EndProject
Global
	GlobalSection(SolutionConfigurationPlatforms) = preSolution
		Debug|Any CPU = Debug|Any CPU
		Release|Any CPU = Release|Any CPU
	EndGlobalSection
	GlobalSection(ProjectConfigurationPlatforms) = postSolution
		{AB9812F3-F632-4B31-9576-C69E06CC7075}.Debug|Any CPU.ActiveCfg = Debug|Any CPU
		{AB9812F3-F632-4B31-9576-C69E06CC7075}.Debug|Any CPU.Build.0 = Debug|Any CPU
		{AB9812F3-F632-4B31-9576-C69E06CC7075}.Release|Any CPU.ActiveCfg = Release|Any CPU
		{AB9812F3-F632-4B31-9576-C69E06CC7075}.Release|Any CPU.Build.0 = Release|Any CPU
	EndGlobalSection
	GlobalSection(SolutionProperties) = preSolution
		HideSolutionNode = FALSE
	EndGlobalSection
	GlobalSection(ExtensibilityGlobals) = postSolution
		SolutionGuid = {27AA362F-C11B-4C33-8AAB-D082741BDE1D}
	EndGlobalSection
EndGlobal
